
Microsoft Visual Studio Solution File, Format Version 12.00
# Visual Studio Version 17
VisualStudioVersion = 17.7.34221.43
MinimumVisualStudioVersion = 10.0.40219.1
Project("{9A19103F-16F7-4668-BE54-9A1E7A4F7556}") = "Assignment5", "Assignment5.csproj", "{F2DEFFD1-B044-4B40-959D-2326A8598DD1}"
EndProject
Global
	GlobalSection(SolutionConfigurationPlatforms) = preSolution
		Debug|Any CPU = Debug|Any CPU
		Release|Any CPU = Release|Any CPU
	EndGlobalSection
	GlobalSection(ProjectConfigurationPlatforms) = postSolution
		{F2DEFFD1-B044-4B40-959D-2326A8598DD1}.Debug|Any CPU.ActiveCfg = Debug|Any CPU
		{F2DEFFD1-B044-4B40-959D-2326A8598DD1}.Debug|Any CPU.Build.0 = Debug|Any CPU
		{F2DEFFD1-B044-4B40-959D-2326A8598DD1}.Release|Any CPU.ActiveCfg = Release|Any CPU
		{F2DEFFD1-B044-4B40-959D-2326A8598DD1}.Release|Any CPU.Build.0 = Release|Any CPU
	EndGlobalSection
	GlobalSection(SolutionProperties) = preSolution
		HideSolutionNode = FALSE
	EndGlobalSection
	GlobalSection(ExtensibilityGlobals) = postSolution
		SolutionGuid = {74CB5981-9D78-40BE-B049-B240B5460DAF}
	EndGlobalSection
EndGlobal
